
Microsoft Visual Studio Solution File, Format Version 12.00
# Visual Studio Version 16
VisualStudioVersion = 16.0.29001.49
MinimumVisualStudioVersion = 10.0.40219.1
Project("{FAE04EC0-301F-11D3-BF4B-00C04F79EFBC}") = "Hello World", "Hello World\Hello World.csproj", "{190CA96A-BE18-4587-A682-CF1F36CD96FE}"
EndProject
Global
	GlobalSection(SolutionConfigurationPlatforms) = preSolution
		Debug|Any CPU = Debug|Any CPU
		Release|Any CPU = Release|Any CPU
	EndGlobalSection
	GlobalSection(ProjectConfigurationPlatforms) = postSolution
		{190CA96A-BE18-4587-A682-CF1F36CD96FE}.Debug|Any CPU.ActiveCfg = Debug|Any CPU
		{190CA96A-BE18-4587-A682-CF1F36CD96FE}.Debug|Any CPU.Build.0 = Debug|Any CPU
		{190CA96A-BE18-4587-A682-CF1F36CD96FE}.Release|Any CPU.ActiveCfg = Release|Any CPU
		{190CA96A-BE18-4587-A682-CF1F36CD96FE}.Release|Any CPU.Build.0 = Release|Any CPU
	EndGlobalSection
	GlobalSection(SolutionProperties) = preSolution
		HideSolutionNode = FALSE
	EndGlobalSection
	GlobalSection(ExtensibilityGlobals) = postSolution
		SolutionGuid = {75BBBAE5-148F-42B1-BCBB-2DA21999B60F}
	EndGlobalSection
EndGlobal
